PODS:
  - Realm (5.3.6):
    - Realm/Headers (= 5.3.6)
  - Realm/Headers (5.3.6)
  - RealmSwift (5.3.6):
    - Realm (= 5.3.6)

DEPENDENCIES:
  - RealmSwift

SPEC REPOS:
  trunk:
    - Realm
    - RealmSwift

SPEC CHECKSUMS:
  Realm: cd400dd7e5b5bb5c8ae9842eecd73792369e6ec0
  RealmSwift: 99a16dbdee5d6dfb3d91d56088a9f8c15c0871d1

PODFILE CHECKSUM: bfc454c9d7eac16f3b2af43ca289cad973a7d6f0

COCOAPODS: 1.9.3
